// !$*UTF8*$!
{
	archiveVersion = 1;
	classes = {
	};
	objectVersion = 46;
	objects = {

/* Begin PBXBuildFile section */
		473C966F1E91EF0800EF4656 /* VisionViewController.swift in Sources */ = {isa = PBXBuildFile; fileRef = 473C966E1E91EF0800EF4656 /* VisionViewController.swift */; };
		479198601E9097EA0013F520 /* FriendList.swift in Sources */ = {isa = PBXBuildFile; fileRef = 4791985F1E9097EA0013F520 /* FriendList.swift */; };
		479198621E9098010013F520 /* BaseBean.swift in Sources */ = {isa = PBXBuildFile; fileRef = 479198611E9098010013F520 /* BaseBean.swift */; };
		47CD93471E6ABB8F0099C8BD /* AppDelegate.swift in Sources */ = {isa = PBXBuildFile; fileRef = 47CD93461E6ABB8F0099C8BD /* AppDelegate.swift */; };
		47CD93491E6ABB8F0099C8BD /* ViewController.swift in Sources */ = {isa = PBXBuildFile; fileRef = 47CD93481E6ABB8F0099C8BD /* ViewController.swift */; };
		47CD934C1E6ABB8F0099C8BD /* Main.storyboard in Resources */ = {isa = PBXBuildFile; fileRef = 47CD934A1E6ABB8F0099C8BD /* Main.storyboard */; };
		47CD934E1E6ABB8F0099C8BD /* Assets.xcassets in Resources */ = {isa = PBXBuildFile; fileRef = 47CD934D1E6ABB8F0099C8BD /* Assets.xcassets */; };
		47CD93511E6ABB8F0099C8BD /* LaunchScreen.storyboard in Resources */ = {isa = PBXBuildFile; fileRef = 47CD934F1E6ABB8F0099C8BD /* LaunchScreen.storyboard */; };
		47CD935C1E6ABB8F0099C8BD /* wechat_showcaseTests.swift in Sources */ = {isa = PBXBuildFile; fileRef = 47CD935B1E6ABB8F0099C8BD /* wechat_showcaseTests.swift */; };
		47CD93671E6ABB8F0099C8BD /* wechat_showcaseUITests.swift in Sources */ = {isa = PBXBuildFile; fileRef = 47CD93661E6ABB8F0099C8BD /* wechat_showcaseUITests.swift */; };
		47CD93751E6ABDA80099C8BD /* BuddyTableViewController.swift in Sources */ = {isa = PBXBuildFile; fileRef = 47CD93741E6ABDA80099C8BD /* BuddyTableViewController.swift */; };
		47CD93771E6B07130099C8BD /* LoginViewController.swift in Sources */ = {isa = PBXBuildFile; fileRef = 47CD93761E6B07130099C8BD /* LoginViewController.swift */; };
		47CD93791E6B0BC70099C8BD /* ChatTableViewController.swift in Sources */ = {isa = PBXBuildFile; fileRef = 47CD93781E6B0BC70099C8BD /* ChatTableViewController.swift */; };
		47CD937C1E6BC6660099C8BD /* WelcomeViewController.swift in Sources */ = {isa = PBXBuildFile; fileRef = 47CD937B1E6BC6660099C8BD /* WelcomeViewController.swift */; };
		47CD937F1E6BCDDC0099C8BD /* HttpClient.swift in Sources */ = {isa = PBXBuildFile; fileRef = 47CD937E1E6BCDDC0099C8BD /* HttpClient.swift */; };
		47CD93821E6BD1300099C8BD /* Friend.swift in Sources */ = {isa = PBXBuildFile; fileRef = 47CD93811E6BD1300099C8BD /* Friend.swift */; };
		47CD93851E6BD1990099C8BD /* FriendService.swift in Sources */ = {isa = PBXBuildFile; fileRef = 47CD93841E6BD1990099C8BD /* FriendService.swift */; };
		47CD93871E6C44330099C8BD /* ImageViewController.swift in Sources */ = {isa = PBXBuildFile; fileRef = 47CD93861E6C44330099C8BD /* ImageViewController.swift */; };
		47CD93891E6C5EAA0099C8BD /* ChooseViewController.swift in Sources */ = {isa = PBXBuildFile; fileRef = 47CD93881E6C5EAA0099C8BD /* ChooseViewController.swift */; };
		47CD938C1E73B59E0099C8BD /* FriendCell.swift in Sources */ = {isa = PBXBuildFile; fileRef = 47CD938B1E73B59E0099C8BD /* FriendCell.swift */; };
		47D31EC71E875C6C00D067E2 /* EncryptionUtil.swift in Sources */ = {isa = PBXBuildFile; fileRef = 47D31EC61E875C6C00D067E2 /* EncryptionUtil.swift */; };
		47D31EC91E875FE000D067E2 /* EncryptionException.swift in Sources */ = {isa = PBXBuildFile; fileRef = 47D31EC81E875FE000D067E2 /* EncryptionException.swift */; };
		47D98D6F1E864BCC00C68180 /* MainController.swift in Sources */ = {isa = PBXBuildFile; fileRef = 47D98D6E1E864BCC00C68180 /* MainController.swift */; };
		61A57796CDD66C2011E6FFBF /* Pods_wechat_showcase.framework in Frameworks */ = {isa = PBXBuildFile; fileRef = DA396BBD0D0FBB78C3A32D91 /* Pods_wechat_showcase.framework */; };
		6469D5223FA2FC0EE81054AA /* Pods_wechat_showcaseTests.framework in Frameworks */ = {isa = PBXBuildFile; fileRef = 26D269712E7D7755AA4802F2 /* Pods_wechat_showcaseTests.framework */; };
		F21A52AB4DD161B4E78EDDEA /* Pods_wechat_showcaseUITests.framework in Frameworks */ = {isa = PBXBuildFile; fileRef = B89CF014B4EA2019D77414A4 /* Pods_wechat_showcaseUITests.framework */; };
/* End PBXBuildFile section */

/* Begin PBXContainerItemProxy section */
		47CD93581E6ABB8F0099C8BD /* PBXContainerItemProxy */ = {
			isa = PBXContainerItemProxy;
			containerPortal = 47CD933B1E6ABB8F0099C8BD /* Project object */;
			proxyType = 1;
			remoteGlobalIDString = 47CD93421E6ABB8F0099C8BD;
			remoteInfo = "wechat-showcase";
		};
		47CD93631E6ABB8F0099C8BD /* PBXContainerItemProxy */ = {
			isa = PBXContainerItemProxy;
			containerPortal = 47CD933B1E6ABB8F0099C8BD /* Project object */;
			proxyType = 1;
			remoteGlobalIDString = 47CD93421E6ABB8F0099C8BD;
			remoteInfo = "wechat-showcase";
		};
/* End PBXContainerItemProxy section */

/* Begin PBXFileReference section */
		00413E2B6592F8033D1D59BE /* Pods-wechat-showcaseUITests.release.xcconfig */ = {isa = PBXFileReference; includeInIndex = 1; lastKnownFileType = text.xcconfig; name = "Pods-wechat-showcaseUITests.release.xcconfig"; path = "Pods/Target Support Files/Pods-wechat-showcaseUITests/Pods-wechat-showcaseUITests.release.xcconfig"; sourceTree = "<group>"; };
		0D599EE1C59DD5E67C0DA5FD /* Pods-wechat-showcaseTests.release.xcconfig */ = {isa = PBXFileReference; includeInIndex = 1; lastKnownFileType = text.xcconfig; name = "Pods-wechat-showcaseTests.release.xcconfig"; path = "Pods/Target Support Files/Pods-wechat-showcaseTests/Pods-wechat-showcaseTests.release.xcconfig"; sourceTree = "<group>"; };
		0E5E6B5BD070957FF9722D40 /* Pods-wechat-showcase.debug.xcconfig */ = {isa = PBXFileReference; includeInIndex = 1; lastKnownFileType = text.xcconfig; name = "Pods-wechat-showcase.debug.xcconfig"; path = "Pods/Target Support Files/Pods-wechat-showcase/Pods-wechat-showcase.debug.xcconfig"; sourceTree = "<group>"; };
		104917E3D3A1964EFF253CBE /* Pods-wechat-showcase.release.xcconfig */ = {isa = PBXFileReference; includeInIndex = 1; lastKnownFileType = text.xcconfig; name = "Pods-wechat-showcase.release.xcconfig"; path = "Pods/Target Support Files/Pods-wechat-showcase/Pods-wechat-showcase.release.xcconfig"; sourceTree = "<group>"; };
		26D269712E7D7755AA4802F2 /* Pods_wechat_showcaseTests.framework */ = {isa = PBXFileReference; explicitFileType = wrapper.framework; includeInIndex = 0; path = Pods_wechat_showcaseTests.framework; sourceTree = BUILT_PRODUCTS_DIR; };
		473C966E1E91EF0800EF4656 /* VisionViewController.swift */ = {isa = PBXFileReference; fileEncoding = 4; lastKnownFileType = sourcecode.swift; path = VisionViewController.swift; sourceTree = "<group>"; };
		4791985F1E9097EA0013F520 /* FriendList.swift */ = {isa = PBXFileReference; fileEncoding = 4; lastKnownFileType = sourcecode.swift; path = FriendList.swift; sourceTree = "<group>"; };
		479198611E9098010013F520 /* BaseBean.swift */ = {isa = PBXFileReference; fileEncoding = 4; lastKnownFileType = sourcecode.swift; path = BaseBean.swift; sourceTree = "<group>"; };
		47CD93431E6ABB8F0099C8BD /* wechat-showcase.app */ = {isa = PBXFileReference; explicitFileType = wrapper.application; includeInIndex = 0; path = "wechat-showcase.app"; sourceTree = BUILT_PRODUCTS_DIR; };
		47CD93461E6ABB8F0099C8BD /* AppDelegate.swift */ = {isa = PBXFileReference; lastKnownFileType = sourcecode.swift; path = AppDelegate.swift; sourceTree = "<group>"; };
		47CD93481E6ABB8F0099C8BD /* ViewController.swift */ = {isa = PBXFileReference; lastKnownFileType = sourcecode.swift; path = ViewController.swift; sourceTree = "<group>"; };
		47CD934B1E6ABB8F0099C8BD /* Base */ = {isa = PBXFileReference; lastKnownFileType = file.storyboard; name = Base; path = Base.lproj/Main.storyboard; sourceTree = "<group>"; };
		47CD934D1E6ABB8F0099C8BD /* Assets.xcassets */ = {isa = PBXFileReference; lastKnownFileType = folder.assetcatalog; path = Assets.xcassets; sourceTree = "<group>"; };
		47CD93501E6ABB8F0099C8BD /* Base */ = {isa = PBXFileReference; lastKnownFileType = file.storyboard; name = Base; path = Base.lproj/LaunchScreen.storyboard; sourceTree = "<group>"; };
		47CD93521E6ABB8F0099C8BD /* Info.plist */ = {isa = PBXFileReference; lastKnownFileType = text.plist.xml; path = Info.plist; sourceTree = "<group>"; };
		47CD93571E6ABB8F0099C8BD /* wechat-showcaseTests.xctest */ = {isa = PBXFileReference; explicitFileType = wrapper.cfbundle; includeInIndex = 0; path = "wechat-showcaseTests.xctest"; sourceTree = BUILT_PRODUCTS_DIR; };
		47CD935B1E6ABB8F0099C8BD /* wechat_showcaseTests.swift */ = {isa = PBXFileReference; lastKnownFileType = sourcecode.swift; path = wechat_showcaseTests.swift; sourceTree = "<group>"; };
		47CD935D1E6ABB8F0099C8BD /* Info.plist */ = {isa = PBXFileReference; lastKnownFileType = text.plist.xml; path = Info.plist; sourceTree = "<group>"; };
		47CD93621E6ABB8F0099C8BD /* wechat-showcaseUITests.xctest */ = {isa = PBXFileReference; explicitFileType = wrapper.cfbundle; includeInIndex = 0; path = "wechat-showcaseUITests.xctest"; sourceTree = BUILT_PRODUCTS_DIR; };
		47CD93661E6ABB8F0099C8BD /* wechat_showcaseUITests.swift */ = {isa = PBXFileReference; lastKnownFileType = sourcecode.swift; path = wechat_showcaseUITests.swift; sourceTree = "<group>"; };
		47CD93681E6ABB8F0099C8BD /* Info.plist */ = {isa = PBXFileReference; lastKnownFileType = text.plist.xml; path = Info.plist; sourceTree = "<group>"; };
		47CD93741E6ABDA80099C8BD /* BuddyTableViewController.swift */ = {isa = PBXFileReference; fileEncoding = 4; lastKnownFileType = sourcecode.swift; path = BuddyTableViewController.swift; sourceTree = "<group>"; };
		47CD93761E6B07130099C8BD /* LoginViewController.swift */ = {isa = PBXFileReference; fileEncoding = 4; lastKnownFileType = sourcecode.swift; path = LoginViewController.swift; sourceTree = "<group>"; };
		47CD93781E6B0BC70099C8BD /* ChatTableViewController.swift */ = {isa = PBXFileReference; fileEncoding = 4; lastKnownFileType = sourcecode.swift; path = ChatTableViewController.swift; sourceTree = "<group>"; };
		47CD937B1E6BC6660099C8BD /* WelcomeViewController.swift */ = {isa = PBXFileReference; fileEncoding = 4; lastKnownFileType = sourcecode.swift; path = WelcomeViewController.swift; sourceTree = "<group>"; };
		47CD937E1E6BCDDC0099C8BD /* HttpClient.swift */ = {isa = PBXFileReference; fileEncoding = 4; lastKnownFileType = sourcecode.swift; path = HttpClient.swift; sourceTree = "<group>"; };
		47CD93811E6BD1300099C8BD /* Friend.swift */ = {isa = PBXFileReference; fileEncoding = 4; lastKnownFileType = sourcecode.swift; path = Friend.swift; sourceTree = "<group>"; };
		47CD93841E6BD1990099C8BD /* FriendService.swift */ = {isa = PBXFileReference; fileEncoding = 4; lastKnownFileType = sourcecode.swift; path = FriendService.swift; sourceTree = "<group>"; };
		47CD93861E6C44330099C8BD /* ImageViewController.swift */ = {isa = PBXFileReference; fileEncoding = 4; lastKnownFileType = sourcecode.swift; path = ImageViewController.swift; sourceTree = "<group>"; };
		47CD93881E6C5EAA0099C8BD /* ChooseViewController.swift */ = {isa = PBXFileReference; fileEncoding = 4; lastKnownFileType = sourcecode.swift; path = ChooseViewController.swift; sourceTree = "<group>"; };
		47CD938B1E73B59E0099C8BD /* FriendCell.swift */ = {isa = PBXFileReference; fileEncoding = 4; lastKnownFileType = sourcecode.swift; path = FriendCell.swift; sourceTree = "<group>"; };
		47D31EC41E8755B200D067E2 /* showcase.playground */ = {isa = PBXFileReference; lastKnownFileType = file.playground; path = showcase.playground; sourceTree = "<group>"; };
		47D31EC61E875C6C00D067E2 /* EncryptionUtil.swift */ = {isa = PBXFileReference; fileEncoding = 4; lastKnownFileType = sourcecode.swift; path = EncryptionUtil.swift; sourceTree = "<group>"; };
		47D31EC81E875FE000D067E2 /* EncryptionException.swift */ = {isa = PBXFileReference; fileEncoding = 4; lastKnownFileType = sourcecode.swift; path = EncryptionException.swift; sourceTree = "<group>"; };
		47D98D6C1E8622CF00C68180 /* Demo.playground */ = {isa = PBXFileReference; lastKnownFileType = file.playground; path = Demo.playground; sourceTree = "<group>"; };
		47D98D6E1E864BCC00C68180 /* MainController.swift */ = {isa = PBXFileReference; fileEncoding = 4; lastKnownFileType = sourcecode.swift; path = MainController.swift; sourceTree = "<group>"; };
		B89CF014B4EA2019D77414A4 /* Pods_wechat_showcaseUITests.framework */ = {isa = PBXFileReference; explicitFileType = wrapper.framework; includeInIndex = 0; path = Pods_wechat_showcaseUITests.framework; sourceTree = BUILT_PRODUCTS_DIR; };
		BD59BA515F7B53C1BE7577BA /* Pods-wechat-showcaseUITests.debug.xcconfig */ = {isa = PBXFileReference; includeInIndex = 1; lastKnownFileType = text.xcconfig; name = "Pods-wechat-showcaseUITests.debug.xcconfig"; path = "Pods/Target Support Files/Pods-wechat-showcaseUITests/Pods-wechat-showcaseUITests.debug.xcconfig"; sourceTree = "<group>"; };
		DA396BBD0D0FBB78C3A32D91 /* Pods_wechat_showcase.framework */ = {isa = PBXFileReference; explicitFileType = wrapper.framework; includeInIndex = 0; path = Pods_wechat_showcase.framework; sourceTree = BUILT_PRODUCTS_DIR; };
		FC0D700DDEA3ECED9C30A091 /* Pods-wechat-showcaseTests.debug.xcconfig */ = {isa = PBXFileReference; includeInIndex = 1; lastKnownFileType = text.xcconfig; name = "Pods-wechat-showcaseTests.debug.xcconfig"; path = "Pods/Target Support Files/Pods-wechat-showcaseTests/Pods-wechat-showcaseTests.debug.xcconfig"; sourceTree = "<group>"; };
/* End PBXFileReference section */

/* Begin PBXFrameworksBuildPhase section */
		47CD93401E6ABB8F0099C8BD /* Frameworks */ = {
			isa = PBXFrameworksBuildPhase;
			buildActionMask = 2147483647;
			files = (
				61A57796CDD66C2011E6FFBF /* Pods_wechat_showcase.framework in Frameworks */,
			);
			runOnlyForDeploymentPostprocessing = 0;
		};
		47CD93541E6ABB8F0099C8BD /* Frameworks */ = {
			isa = PBXFrameworksBuildPhase;
			buildActionMask = 2147483647;
			files = (
				6469D5223FA2FC0EE81054AA /* Pods_wechat_showcaseTests.framework in Frameworks */,
			);
			runOnlyForDeploymentPostprocessing = 0;
		};
		47CD935F1E6ABB8F0099C8BD /* Frameworks */ = {
			isa = PBXFrameworksBuildPhase;
			buildActionMask = 2147483647;
			files = (
				F21A52AB4DD161B4E78EDDEA /* Pods_wechat_showcaseUITests.framework in Frameworks */,
			);
			runOnlyForDeploymentPostprocessing = 0;
		};
/* End PBXFrameworksBuildPhase section */

/* Begin PBXGroup section */
		47CD933A1E6ABB8F0099C8BD = {
			isa = PBXGroup;
			children = (
				47CD93451E6ABB8F0099C8BD /* wechat-showcase */,
				47CD935A1E6ABB8F0099C8BD /* wechat-showcaseTests */,
				47CD93651E6ABB8F0099C8BD /* wechat-showcaseUITests */,
				47CD93441E6ABB8F0099C8BD /* Products */,
				BC1E01DF09F249B6992ADABC /* Pods */,
				6F3202508C899E3F64B513BF /* Frameworks */,
			);
			sourceTree = "<group>";
		};
		47CD93441E6ABB8F0099C8BD /* Products */ = {
			isa = PBXGroup;
			children = (
				47CD93431E6ABB8F0099C8BD /* wechat-showcase.app */,
				47CD93571E6ABB8F0099C8BD /* wechat-showcaseTests.xctest */,
				47CD93621E6ABB8F0099C8BD /* wechat-showcaseUITests.xctest */,
			);
			name = Products;
			sourceTree = "<group>";
		};
		47CD93451E6ABB8F0099C8BD /* wechat-showcase */ = {
			isa = PBXGroup;
			children = (
				47CD93461E6ABB8F0099C8BD /* AppDelegate.swift */,
				47CD934A1E6ABB8F0099C8BD /* Main.storyboard */,
				47CD934F1E6ABB8F0099C8BD /* LaunchScreen.storyboard */,
				47CD93521E6ABB8F0099C8BD /* Info.plist */,
				47CD934D1E6ABB8F0099C8BD /* Assets.xcassets */,
				47CD937A1E6BC62C0099C8BD /* controller */,
				47D31EC51E875C5700D067E2 /* util */,
				47CD93831E6BD1880099C8BD /* service */,
				47CD93801E6BD0E70099C8BD /* bean */,
				47CD937D1E6BCDA00099C8BD /* http */,
				47D31EC31E87559400D067E2 /* playground */,
				47CD938A1E73B5510099C8BD /* view */,
			);
			path = "wechat-showcase";
			sourceTree = "<group>";
		};
		47CD935A1E6ABB8F0099C8BD /* wechat-showcaseTests */ = {
			isa = PBXGroup;
			children = (
				47CD935B1E6ABB8F0099C8BD /* wechat_showcaseTests.swift */,
				47CD935D1E6ABB8F0099C8BD /* Info.plist */,
			);
			path = "wechat-showcaseTests";
			sourceTree = "<group>";
		};
		47CD93651E6ABB8F0099C8BD /* wechat-showcaseUITests */ = {
			isa = PBXGroup;
			children = (
				47CD93661E6ABB8F0099C8BD /* wechat_showcaseUITests.swift */,
				47CD93681E6ABB8F0099C8BD /* Info.plist */,
			);
			path = "wechat-showcaseUITests";
			sourceTree = "<group>";
		};
		47CD937A1E6BC62C0099C8BD /* controller */ = {
			isa = PBXGroup;
			children = (
				47CD93781E6B0BC70099C8BD /* ChatTableViewController.swift */,
				47CD93761E6B07130099C8BD /* LoginViewController.swift */,
				47CD93481E6ABB8F0099C8BD /* ViewController.swift */,
				47CD93741E6ABDA80099C8BD /* BuddyTableViewController.swift */,
				47CD937B1E6BC6660099C8BD /* WelcomeViewController.swift */,
				47CD93861E6C44330099C8BD /* ImageViewController.swift */,
				47CD93881E6C5EAA0099C8BD /* ChooseViewController.swift */,
				47D98D6E1E864BCC00C68180 /* MainController.swift */,
				473C966E1E91EF0800EF4656 /* VisionViewController.swift */,
			);
			name = controller;
			sourceTree = "<group>";
		};
		47CD937D1E6BCDA00099C8BD /* http */ = {
			isa = PBXGroup;
			children = (
				47CD937E1E6BCDDC0099C8BD /* HttpClient.swift */,
			);
			name = http;
			sourceTree = "<group>";
		};
		47CD93801E6BD0E70099C8BD /* bean */ = {
			isa = PBXGroup;
			children = (
				47CD93811E6BD1300099C8BD /* Friend.swift */,
				4791985F1E9097EA0013F520 /* FriendList.swift */,
				479198611E9098010013F520 /* BaseBean.swift */,
			);
			name = bean;
			sourceTree = "<group>";
		};
		47CD93831E6BD1880099C8BD /* service */ = {
			isa = PBXGroup;
			children = (
				47CD93841E6BD1990099C8BD /* FriendService.swift */,
			);
			name = service;
			sourceTree = "<group>";
		};
		47CD938A1E73B5510099C8BD /* view */ = {
			isa = PBXGroup;
			children = (
				47CD938B1E73B59E0099C8BD /* FriendCell.swift */,
			);
			name = view;
			sourceTree = "<group>";
		};
		47D31EC31E87559400D067E2 /* playground */ = {
			isa = PBXGroup;
			children = (
				47D98D6C1E8622CF00C68180 /* Demo.playground */,
				47D31EC41E8755B200D067E2 /* showcase.playground */,
			);
			name = playground;
			sourceTree = "<group>";
		};
		47D31EC51E875C5700D067E2 /* util */ = {
			isa = PBXGroup;
			children = (
				47D31EC61E875C6C00D067E2 /* EncryptionUtil.swift */,
				47D31EC81E875FE000D067E2 /* EncryptionException.swift */,
			);
			name = util;
			sourceTree = "<group>";
		};
		6F3202508C899E3F64B513BF /* Frameworks */ = {
			isa = PBXGroup;
			children = (
				DA396BBD0D0FBB78C3A32D91 /* Pods_wechat_showcase.framework */,
				26D269712E7D7755AA4802F2 /* Pods_wechat_showcaseTests.framework */,
				B89CF014B4EA2019D77414A4 /* Pods_wechat_showcaseUITests.framework */,
			);
			name = Frameworks;
			sourceTree = "<group>";
		};
		BC1E01DF09F249B6992ADABC /* Pods */ = {
			isa = PBXGroup;
			children = (
				0E5E6B5BD070957FF9722D40 /* Pods-wechat-showcase.debug.xcconfig */,
				104917E3D3A1964EFF253CBE /* Pods-wechat-showcase.release.xcconfig */,
				FC0D700DDEA3ECED9C30A091 /* Pods-wechat-showcaseTests.debug.xcconfig */,
				0D599EE1C59DD5E67C0DA5FD /* Pods-wechat-showcaseTests.release.xcconfig */,
				BD59BA515F7B53C1BE7577BA /* Pods-wechat-showcaseUITests.debug.xcconfig */,
				00413E2B6592F8033D1D59BE /* Pods-wechat-showcaseUITests.release.xcconfig */,
			);
			name = Pods;
			sourceTree = "<group>";
		};
/* End PBXGroup section */

/* Begin PBXNativeTarget section */
		47CD93421E6ABB8F0099C8BD /* wechat-showcase */ = {
			isa = PBXNativeTarget;
			buildConfigurationList = 47CD936B1E6ABB8F0099C8BD /* Build configuration list for PBXNativeTarget "wechat-showcase" */;
			buildPhases = (
				8CF3B2707A613D25020E11AC /* [CP] Check Pods Manifest.lock */,
				47CD933F1E6ABB8F0099C8BD /* Sources */,
				47CD93401E6ABB8F0099C8BD /* Frameworks */,
				47CD93411E6ABB8F0099C8BD /* Resources */,
				71FFE231509FC29A63E3075C /* [CP] Embed Pods Frameworks */,
				CC44E03B4C317F6180B1952F /* [CP] Copy Pods Resources */,
			);
			buildRules = (
			);
			dependencies = (
			);
			name = "wechat-showcase";
			productName = "wechat-showcase";
			productReference = 47CD93431E6ABB8F0099C8BD /* wechat-showcase.app */;
			productType = "com.apple.product-type.application";
		};
		47CD93561E6ABB8F0099C8BD /* wechat-showcaseTests */ = {
			isa = PBXNativeTarget;
			buildConfigurationList = 47CD936E1E6ABB8F0099C8BD /* Build configuration list for PBXNativeTarget "wechat-showcaseTests" */;
			buildPhases = (
				201DC60EF6D58BE5260A2386 /* [CP] Check Pods Manifest.lock */,
				47CD93531E6ABB8F0099C8BD /* Sources */,
				47CD93541E6ABB8F0099C8BD /* Frameworks */,
				47CD93551E6ABB8F0099C8BD /* Resources */,
				6B50BB4B24CA6AEA56B279DE /* [CP] Embed Pods Frameworks */,
				1369B9B5766B3BCA553299C7 /* [CP] Copy Pods Resources */,
			);
			buildRules = (
			);
			dependencies = (
				47CD93591E6ABB8F0099C8BD /* PBXTargetDependency */,
			);
			name = "wechat-showcaseTests";
			productName = "wechat-showcaseTests";
			productReference = 47CD93571E6ABB8F0099C8BD /* wechat-showcaseTests.xctest */;
			productType = "com.apple.product-type.bundle.unit-test";
		};
		47CD93611E6ABB8F0099C8BD /* wechat-showcaseUITests */ = {
			isa = PBXNativeTarget;
			buildConfigurationList = 47CD93711E6ABB8F0099C8BD /* Build configuration list for PBXNativeTarget "wechat-showcaseUITests" */;
			buildPhases = (
				847F3D3C9B61241D50079D5F /* [CP] Check Pods Manifest.lock */,
				47CD935E1E6ABB8F0099C8BD /* Sources */,
				47CD935F1E6ABB8F0099C8BD /* Frameworks */,
				47CD93601E6ABB8F0099C8BD /* Resources */,
				4DFE99E3CAB1DE609824471B /* [CP] Embed Pods Frameworks */,
				4B30B7C8E0052641F49B779A /* [CP] Copy Pods Resources */,
			);
			buildRules = (
			);
			dependencies = (
				47CD93641E6ABB8F0099C8BD /* PBXTargetDependency */,
			);
			name = "wechat-showcaseUITests";
			productName = "wechat-showcaseUITests";
			productReference = 47CD93621E6ABB8F0099C8BD /* wechat-showcaseUITests.xctest */;
			productType = "com.apple.product-type.bundle.ui-testing";
		};
/* End PBXNativeTarget section */

/* Begin PBXProject section */
		47CD933B1E6ABB8F0099C8BD /* Project object */ = {
			isa = PBXProject;
			attributes = {
				LastSwiftUpdateCheck = 0820;
				LastUpgradeCheck = 0820;
				ORGANIZATIONNAME = "刘明";
				TargetAttributes = {
					47CD93421E6ABB8F0099C8BD = {
						CreatedOnToolsVersion = 8.2.1;
						ProvisioningStyle = Automatic;
					};
					47CD93561E6ABB8F0099C8BD = {
						CreatedOnToolsVersion = 8.2.1;
						ProvisioningStyle = Automatic;
						TestTargetID = 47CD93421E6ABB8F0099C8BD;
					};
					47CD93611E6ABB8F0099C8BD = {
						CreatedOnToolsVersion = 8.2.1;
						ProvisioningStyle = Automatic;
						TestTargetID = 47CD93421E6ABB8F0099C8BD;
					};
				};
			};
			buildConfigurationList = 47CD933E1E6ABB8F0099C8BD /* Build configuration list for PBXProject "wechat-showcase" */;
			compatibilityVersion = "Xcode 3.2";
			developmentRegion = English;
			hasScannedForEncodings = 0;
			knownRegions = (
				en,
				Base,
			);
			mainGroup = 47CD933A1E6ABB8F0099C8BD;
			productRefGroup = 47CD93441E6ABB8F0099C8BD /* Products */;
			projectDirPath = "";
			projectRoot = "";
			targets = (
				47CD93421E6ABB8F0099C8BD /* wechat-showcase */,
				47CD93561E6ABB8F0099C8BD /* wechat-showcaseTests */,
				47CD93611E6ABB8F0099C8BD /* wechat-showcaseUITests */,
			);
		};
/* End PBXProject section */

/* Begin PBXResourcesBuildPhase section */
		47CD93411E6ABB8F0099C8BD /* Resources */ = {
			isa = PBXResourcesBuildPhase;
			buildActionMask = 2147483647;
			files = (
				47CD93511E6ABB8F0099C8BD /* LaunchScreen.storyboard in Resources */,
				47CD934E1E6ABB8F0099C8BD /* Assets.xcassets in Resources */,
				47CD934C1E6ABB8F0099C8BD /* Main.storyboard in Resources */,
			);
			runOnlyForDeploymentPostprocessing = 0;
		};
		47CD93551E6ABB8F0099C8BD /* Resources */ = {
			isa = PBXResourcesBuildPhase;
			buildActionMask = 2147483647;
			files = (
			);
			runOnlyForDeploymentPostprocessing = 0;
		};
		47CD93601E6ABB8F0099C8BD /* Resources */ = {
			isa = PBXResourcesBuildPhase;
			buildActionMask = 2147483647;
			files = (
			);
			runOnlyForDeploymentPostprocessing = 0;
		};
/* End PBXResourcesBuildPhase section */

/* Begin PBXShellScriptBuildPhase section */
		1369B9B5766B3BCA553299C7 /* [CP] Copy Pods Resources */ = {
			isa = PBXShellScriptBuildPhase;
			buildActionMask = 2147483647;
			files = (
			);
			inputPaths = (
			);
			name = "[CP] Copy Pods Resources";
			outputPaths = (
			);
			runOnlyForDeploymentPostprocessing = 0;
			shellPath = /bin/sh;
			shellScript = "\"${SRCROOT}/Pods/Target Support Files/Pods-wechat-showcaseTests/Pods-wechat-showcaseTests-resources.sh\"\n";
			showEnvVarsInLog = 0;
		};
		201DC60EF6D58BE5260A2386 /* [CP] Check Pods Manifest.lock */ = {
			isa = PBXShellScriptBuildPhase;
			buildActionMask = 2147483647;
			files = (
			);
			inputPaths = (
			);
			name = "[CP] Check Pods Manifest.lock";
			outputPaths = (
			);
			runOnlyForDeploymentPostprocessing = 0;
			shellPath = /bin/sh;
			shellScript = "diff \"${PODS_ROOT}/../Podfile.lock\" \"${PODS_ROOT}/Manifest.lock\" > /dev/null\nif [ $? != 0 ] ; then\n    # print error to STDERR\n    echo \"error: The sandbox is not in sync with the Podfile.lock. Run 'pod install' or update your CocoaPods installation.\" >&2\n    exit 1\nfi\n";
			showEnvVarsInLog = 0;
		};
		4B30B7C8E0052641F49B779A /* [CP] Copy Pods Resources */ = {
			isa = PBXShellScriptBuildPhase;
			buildActionMask = 2147483647;
			files = (
			);
			inputPaths = (
			);
			name = "[CP] Copy Pods Resources";
			outputPaths = (
			);
			runOnlyForDeploymentPostprocessing = 0;
			shellPath = /bin/sh;
			shellScript = "\"${SRCROOT}/Pods/Target Support Files/Pods-wechat-showcaseUITests/Pods-wechat-showcaseUITests-resources.sh\"\n";
			showEnvVarsInLog = 0;
		};
		4DFE99E3CAB1DE609824471B /* [CP] Embed Pods Frameworks */ = {
			isa = PBXShellScriptBuildPhase;
			buildActionMask = 2147483647;
			files = (
			);
			inputPaths = (
			);
			name = "[CP] Embed Pods Frameworks";
			outputPaths = (
			);
			runOnlyForDeploymentPostprocessing = 0;
			shellPath = /bin/sh;
			shellScript = "\"${SRCROOT}/Pods/Target Support Files/Pods-wechat-showcaseUITests/Pods-wechat-showcaseUITests-frameworks.sh\"\n";
			showEnvVarsInLog = 0;
		};
		6B50BB4B24CA6AEA56B279DE /* [CP] Embed Pods Frameworks */ = {
			isa = PBXShellScriptBuildPhase;
			buildActionMask = 2147483647;
			files = (
			);
			inputPaths = (
			);
			name = "[CP] Embed Pods Frameworks";
			outputPaths = (
			);
			runOnlyForDeploymentPostprocessing = 0;
			shellPath = /bin/sh;
			shellScript = "\"${SRCROOT}/Pods/Target Support Files/Pods-wechat-showcaseTests/Pods-wechat-showcaseTests-frameworks.sh\"\n";
			showEnvVarsInLog = 0;
		};
		71FFE231509FC29A63E3075C /* [CP] Embed Pods Frameworks */ = {
			isa = PBXShellScriptBuildPhase;
			buildActionMask = 2147483647;
			files = (
			);
			inputPaths = (
			);
			name = "[CP] Embed Pods Frameworks";
			outputPaths = (
			);
			runOnlyForDeploymentPostprocessing = 0;
			shellPath = /bin/sh;
			shellScript = "\"${SRCROOT}/Pods/Target Support Files/Pods-wechat-showcase/Pods-wechat-showcase-frameworks.sh\"\n";
			showEnvVarsInLog = 0;
		};
		847F3D3C9B61241D50079D5F /* [CP] Check Pods Manifest.lock */ = {
			isa = PBXShellScriptBuildPhase;
			buildActionMask = 2147483647;
			files = (
			);
			inputPaths = (
			);
			name = "[CP] Check Pods Manifest.lock";
			outputPaths = (
			);
			runOnlyForDeploymentPostprocessing = 0;
			shellPath = /bin/sh;
			shellScript = "diff \"${PODS_ROOT}/../Podfile.lock\" \"${PODS_ROOT}/Manifest.lock\" > /dev/null\nif [ $? != 0 ] ; then\n    # print error to STDERR\n    echo \"error: The sandbox is not in sync with the Podfile.lock. Run 'pod install' or update your CocoaPods installation.\" >&2\n    exit 1\nfi\n";
			showEnvVarsInLog = 0;
		};
		8CF3B2707A613D25020E11AC /* [CP] Check Pods Manifest.lock */ = {
			isa = PBXShellScriptBuildPhase;
			buildActionMask = 2147483647;
			files = (
			);
			inputPaths = (
			);
			name = "[CP] Check Pods Manifest.lock";
			outputPaths = (
			);
			runOnlyForDeploymentPostprocessing = 0;
			shellPath = /bin/sh;
			shellScript = "diff \"${PODS_ROOT}/../Podfile.lock\" \"${PODS_ROOT}/Manifest.lock\" > /dev/null\nif [ $? != 0 ] ; then\n    # print error to STDERR\n    echo \"error: The sandbox is not in sync with the Podfile.lock. Run 'pod install' or update your CocoaPods installation.\" >&2\n    exit 1\nfi\n";
			showEnvVarsInLog = 0;
		};
		CC44E03B4C317F6180B1952F /* [CP] Copy Pods Resources */ = {
			isa = PBXShellScriptBuildPhase;
			buildActionMask = 2147483647;
			files = (
			);
			inputPaths = (
			);
			name = "[CP] Copy Pods Resources";
			outputPaths = (
			);
			runOnlyForDeploymentPostprocessing = 0;
			shellPath = /bin/sh;
			shellScript = "\"${SRCROOT}/Pods/Target Support Files/Pods-wechat-showcase/Pods-wechat-showcase-resources.sh\"\n";
			showEnvVarsInLog = 0;
		};
/* End PBXShellScriptBuildPhase section */

/* Begin PBXSourcesBuildPhase section */
		47CD933F1E6ABB8F0099C8BD /* Sources */ = {
			isa = PBXSourcesBuildPhase;
			buildActionMask = 2147483647;
			files = (
				47D31EC91E875FE000D067E2 /* EncryptionException.swift in Sources */,
				479198621E9098010013F520 /* BaseBean.swift in Sources */,
				47CD93771E6B07130099C8BD /* LoginViewController.swift in Sources */,
				47CD93751E6ABDA80099C8BD /* BuddyTableViewController.swift in Sources */,
				47CD93891E6C5EAA0099C8BD /* ChooseViewController.swift in Sources */,
				47CD93871E6C44330099C8BD /* ImageViewController.swift in Sources */,
				47D31EC71E875C6C00D067E2 /* EncryptionUtil.swift in Sources */,
				47CD93491E6ABB8F0099C8BD /* ViewController.swift in Sources */,
				47CD937C1E6BC6660099C8BD /* WelcomeViewController.swift in Sources */,
				47CD937F1E6BCDDC0099C8BD /* HttpClient.swift in Sources */,
				473C966F1E91EF0800EF4656 /* VisionViewController.swift in Sources */,
				47CD938C1E73B59E0099C8BD /* FriendCell.swift in Sources */,
				47CD93851E6BD1990099C8BD /* FriendService.swift in Sources */,
				47CD93471E6ABB8F0099C8BD /* AppDelegate.swift in Sources */,
				47CD93791E6B0BC70099C8BD /* ChatTableViewController.swift in Sources */,
				47D98D6F1E864BCC00C68180 /* MainController.swift in Sources */,
				47CD93821E6BD1300099C8BD /* Friend.swift in Sources */,
				479198601E9097EA0013F520 /* FriendList.swift in Sources */,
			);
			runOnlyForDeploymentPostprocessing = 0;
		};
		47CD93531E6ABB8F0099C8BD /* Sources */ = {
			isa = PBXSourcesBuildPhase;
			buildActionMask = 2147483647;
			files = (
				47CD935C1E6ABB8F0099C8BD /* wechat_showcaseTests.swift in Sources */,
			);
			runOnlyForDeploymentPostprocessing = 0;
		};
		47CD935E1E6ABB8F0099C8BD /* Sources */ = {
			isa = PBXSourcesBuildPhase;
			buildActionMask = 2147483647;
			files = (
				47CD93671E6ABB8F0099C8BD /* wechat_showcaseUITests.swift in Sources */,
			);
			runOnlyForDeploymentPostprocessing = 0;
		};
/* End PBXSourcesBuildPhase section */

/* Begin PBXTargetDependency section */
		47CD93591E6ABB8F0099C8BD /* PBXTargetDependency */ = {
			isa = PBXTargetDependency;
			target = 47CD93421E6ABB8F0099C8BD /* wechat-showcase */;
			targetProxy = 47CD93581E6ABB8F0099C8BD /* PBXContainerItemProxy */;
		};
		47CD93641E6ABB8F0099C8BD /* PBXTargetDependency */ = {
			isa = PBXTargetDependency;
			target = 47CD93421E6ABB8F0099C8BD /* wechat-showcase */;
			targetProxy = 47CD93631E6ABB8F0099C8BD /* PBXContainerItemProxy */;
		};
/* End PBXTargetDependency section */

/* Begin PBXVariantGroup section */
		47CD934A1E6ABB8F0099C8BD /* Main.storyboard */ = {
			isa = PBXVariantGroup;
			children = (
				47CD934B1E6ABB8F0099C8BD /* Base */,
			);
			name = Main.storyboard;
			sourceTree = "<group>";
		};
		47CD934F1E6ABB8F0099C8BD /* LaunchScreen.storyboard */ = {
			isa = PBXVariantGroup;
			children = (
				47CD93501E6ABB8F0099C8BD /* Base */,
			);
			name = LaunchScreen.storyboard;
			sourceTree = "<group>";
		};
/* End PBXVariantGroup section */

/* Begin XCBuildConfiguration section */
		47CD93691E6ABB8F0099C8BD /* Debug */ = {
			isa = XCBuildConfiguration;
			buildSettings = {
				ALWAYS_SEARCH_USER_PATHS = NO;
				CLANG_ANALYZER_NONNULL = YES;
				CLANG_CXX_LANGUAGE_STANDARD = "gnu++0x";
				CLANG_CXX_LIBRARY = "libc++";
				CLANG_ENABLE_MODULES = YES;
				CLANG_ENABLE_OBJC_ARC = YES;
				CLANG_WARN_BOOL_CONVERSION = YES;
				CLANG_WARN_CONSTANT_CONVERSION = YES;
				CLANG_WARN_DIRECT_OBJC_ISA_USAGE = YES_ERROR;
				CLANG_WARN_DOCUMENTATION_COMMENTS = YES;
				CLANG_WARN_EMPTY_BODY = YES;
				CLANG_WARN_ENUM_CONVERSION = YES;
				CLANG_WARN_INFINITE_RECURSION = YES;
				CLANG_WARN_INT_CONVERSION = YES;
				CLANG_WARN_OBJC_ROOT_CLASS = YES_ERROR;
				CLANG_WARN_SUSPICIOUS_MOVE = YES;
				CLANG_WARN_UNREACHABLE_CODE = YES;
				CLANG_WARN__DUPLICATE_METHOD_MATCH = YES;
				"CODE_SIGN_IDENTITY[sdk=iphoneos*]" = "iPhone Developer";
				COPY_PHASE_STRIP = NO;
				DEBUG_INFORMATION_FORMAT = dwarf;
				ENABLE_STRICT_OBJC_MSGSEND = YES;
				ENABLE_TESTABILITY = YES;
				GCC_C_LANGUAGE_STANDARD = gnu99;
				GCC_DYNAMIC_NO_PIC = NO;
				GCC_NO_COMMON_BLOCKS = YES;
				GCC_OPTIMIZATION_LEVEL = 0;
				GCC_PREPROCESSOR_DEFINITIONS = (
					"DEBUG=1",
					"$(inherited)",
				);
				GCC_WARN_64_TO_32_BIT_CONVERSION = YES;
				GCC_WARN_ABOUT_RETURN_TYPE = YES_ERROR;
				GCC_WARN_UNDECLARED_SELECTOR = YES;
				GCC_WARN_UNINITIALIZED_AUTOS = YES_AGGRESSIVE;
				GCC_WARN_UNUSED_FUNCTION = YES;
				GCC_WARN_UNUSED_VARIABLE = YES;
				IPHONEOS_DEPLOYMENT_TARGET = 10.2;
				MTL_ENABLE_DEBUG_INFO = YES;
				ONLY_ACTIVE_ARCH = YES;
				SDKROOT = iphoneos;
				SWIFT_ACTIVE_COMPILATION_CONDITIONS = DEBUG;
				SWIFT_OPTIMIZATION_LEVEL = "-Onone";
			};
			name = Debug;
		};
		47CD936A1E6ABB8F0099C8BD /* Release */ = {
			isa = XCBuildConfiguration;
			buildSettings = {
				ALWAYS_SEARCH_USER_PATHS = NO;
				CLANG_ANALYZER_NONNULL = YES;
				CLANG_CXX_LANGUAGE_STANDARD = "gnu++0x";
				CLANG_CXX_LIBRARY = "libc++";
				CLANG_ENABLE_MODULES = YES;
				CLANG_ENABLE_OBJC_ARC = YES;
				CLANG_WARN_BOOL_CONVERSION = YES;
				CLANG_WARN_CONSTANT_CONVERSION = YES;
				CLANG_WARN_DIRECT_OBJC_ISA_USAGE = YES_ERROR;
				CLANG_WARN_DOCUMENTATION_COMMENTS = YES;
				CLANG_WARN_EMPTY_BODY = YES;
				CLANG_WARN_ENUM_CONVERSION = YES;
				CLANG_WARN_INFINITE_RECURSION = YES;
				CLANG_WARN_INT_CONVERSION = YES;
				CLANG_WARN_OBJC_ROOT_CLASS = YES_ERROR;
				CLANG_WARN_SUSPICIOUS_MOVE = YES;
				CLANG_WARN_UNREACHABLE_CODE = YES;
				CLANG_WARN__DUPLICATE_METHOD_MATCH = YES;
				"CODE_SIGN_IDENTITY[sdk=iphoneos*]" = "iPhone Developer";
				COPY_PHASE_STRIP = NO;
				DEBUG_INFORMATION_FORMAT = "dwarf-with-dsym";
				ENABLE_NS_ASSERTIONS = NO;
				ENABLE_STRICT_OBJC_MSGSEND = YES;
				GCC_C_LANGUAGE_STANDARD = gnu99;
				GCC_NO_COMMON_BLOCKS = YES;
				GCC_WARN_64_TO_32_BIT_CONVERSION = YES;
				GCC_WARN_ABOUT_RETURN_TYPE = YES_ERROR;
				GCC_WARN_UNDECLARED_SELECTOR = YES;
				GCC_WARN_UNINITIALIZED_AUTOS = YES_AGGRESSIVE;
				GCC_WARN_UNUSED_FUNCTION = YES;
				GCC_WARN_UNUSED_VARIABLE = YES;
				IPHONEOS_DEPLOYMENT_TARGET = 10.2;
				MTL_ENABLE_DEBUG_INFO = NO;
				SDKROOT = iphoneos;
				SWIFT_OPTIMIZATION_LEVEL = "-Owholemodule";
				VALIDATE_PRODUCT = YES;
			};
			name = Release;
		};
		47CD936C1E6ABB8F0099C8BD /* Debug */ = {
			isa = XCBuildConfiguration;
			baseConfigurationReference = 0E5E6B5BD070957FF9722D40 /* Pods-wechat-showcase.debug.xcconfig */;
			buildSettings = {
				ASSETCATALOG_COMPILER_APPICON_NAME = AppIcon;
				INFOPLIST_FILE = "wechat-showcase/Info.plist";
				LD_RUNPATH_SEARCH_PATHS = "$(inherited) @executable_path/Frameworks";
				PRODUCT_BUNDLE_IDENTIFIER = "com.power200.wechat-showcase";
				PRODUCT_NAME = "$(TARGET_NAME)";
				SWIFT_VERSION = 3.0;
			};
			name = Debug;
		};
		47CD936D1E6ABB8F0099C8BD /* Release */ = {
			isa = XCBuildConfiguration;
			baseConfigurationReference = 104917E3D3A1964EFF253CBE /* Pods-wechat-showcase.release.xcconfig */;
			buildSettings = {
				ASSETCATALOG_COMPILER_APPICON_NAME = AppIcon;
				INFOPLIST_FILE = "wechat-showcase/Info.plist";
				LD_RUNPATH_SEARCH_PATHS = "$(inherited) @executable_path/Frameworks";
				PRODUCT_BUNDLE_IDENTIFIER = "com.power200.wechat-showcase";
				PRODUCT_NAME = "$(TARGET_NAME)";
				SWIFT_VERSION = 3.0;
			};
			name = Release;
		};
		47CD936F1E6ABB8F0099C8BD /* Debug */ = {
			isa = XCBuildConfiguration;
			baseConfigurationReference = FC0D700DDEA3ECED9C30A091 /* Pods-wechat-showcaseTests.debug.xcconfig */;
			buildSettings = {
				ALWAYS_EMBED_SWIFT_STANDARD_LIBRARIES = YES;
				BUNDLE_LOADER = "$(TEST_HOST)";
				INFOPLIST_FILE = "wechat-showcaseTests/Info.plist";
				LD_RUNPATH_SEARCH_PATHS = "$(inherited) @executable_path/Frameworks @loader_path/Frameworks";
				PRODUCT_BUNDLE_IDENTIFIER = "com.power200.wechat-showcaseTests";
				PRODUCT_NAME = "$(TARGET_NAME)";
				SWIFT_VERSION = 3.0;
				TEST_HOST = "$(BUILT_PRODUCTS_DIR)/wechat-showcase.app/wechat-showcase";
			};
			name = Debug;
		};
		47CD93701E6ABB8F0099C8BD /* Release */ = {
			isa = XCBuildConfiguration;
			baseConfigurationReference = 0D599EE1C59DD5E67C0DA5FD /* Pods-wechat-showcaseTests.release.xcconfig */;
			buildSettings = {
				ALWAYS_EMBED_SWIFT_STANDARD_LIBRARIES = YES;
				BUNDLE_LOADER = "$(TEST_HOST)";
				INFOPLIST_FILE = "wechat-showcaseTests/Info.plist";
				LD_RUNPATH_SEARCH_PATHS = "$(inherited) @executable_path/Frameworks @loader_path/Frameworks";
				PRODUCT_BUNDLE_IDENTIFIER = "com.power200.wechat-showcaseTests";
				PRODUCT_NAME = "$(TARGET_NAME)";
				SWIFT_VERSION = 3.0;
				TEST_HOST = "$(BUILT_PRODUCTS_DIR)/wechat-showcase.app/wechat-showcase";
			};
			name = Release;
		};
		47CD93721E6ABB8F0099C8BD /* Debug */ = {
			isa = XCBuildConfiguration;
			baseConfigurationReference = BD59BA515F7B53C1BE7577BA /* Pods-wechat-showcaseUITests.debug.xcconfig */;
			buildSettings = {
				ALWAYS_EMBED_SWIFT_STANDARD_LIBRARIES = YES;
				INFOPLIST_FILE = "wechat-showcaseUITests/Info.plist";
				LD_RUNPATH_SEARCH_PATHS = "$(inherited) @executable_path/Frameworks @loader_path/Frameworks";
				PRODUCT_BUNDLE_IDENTIFIER = "com.power200.wechat-showcaseUITests";
				PRODUCT_NAME = "$(TARGET_NAME)";
				SWIFT_VERSION = 3.0;
				TEST_TARGET_NAME = "wechat-showcase";
			};
			name = Debug;
		};
		47CD93731E6ABB8F0099C8BD /* Release */ = {
			isa = XCBuildConfiguration;
			baseConfigurationReference = 00413E2B6592F8033D1D59BE /* Pods-wechat-showcaseUITests.release.xcconfig */;
			buildSettings = {
				ALWAYS_EMBED_SWIFT_STANDARD_LIBRARIES = YES;
				INFOPLIST_FILE = "wechat-showcaseUITests/Info.plist";
				LD_RUNPATH_SEARCH_PATHS = "$(inherited) @executable_path/Frameworks @loader_path/Frameworks";
				PRODUCT_BUNDLE_IDENTIFIER = "com.power200.wechat-showcaseUITests";
				PRODUCT_NAME = "$(TARGET_NAME)";
				SWIFT_VERSION = 3.0;
				TEST_TARGET_NAME = "wechat-showcase";
			};
			name = Release;
		};
/* End XCBuildConfiguration section */

/* Begin XCConfigurationList section */
		47CD933E1E6ABB8F0099C8BD /* Build configuration list for PBXProject "wechat-showcase" */ = {
			isa = XCConfigurationList;
			buildConfigurations = (
				47CD93691E6ABB8F0099C8BD /* Debug */,
				47CD936A1E6ABB8F0099C8BD /* Release */,
			);
			defaultConfigurationIsVisible = 0;
			defaultConfigurationName = Release;
		};
		47CD936B1E6ABB8F0099C8BD /* Build configuration list for PBXNativeTarget "wechat-showcase" */ = {
			isa = XCConfigurationList;
			buildConfigurations = (
				47CD936C1E6ABB8F0099C8BD /* Debug */,
				47CD936D1E6ABB8F0099C8BD /* Release */,
			);
			defaultConfigurationIsVisible = 0;
			defaultConfigurationName = Release;
		};
		47CD936E1E6ABB8F0099C8BD /* Build configuration list for PBXNativeTarget "wechat-showcaseTests" */ = {
			isa = XCConfigurationList;
			buildConfigurations = (
				47CD936F1E6ABB8F0099C8BD /* Debug */,
				47CD93701E6ABB8F0099C8BD /* Release */,
			);
			defaultConfigurationIsVisible = 0;
			defaultConfigurationName = Release;
		};
		47CD93711E6ABB8F0099C8BD /* Build configuration list for PBXNativeTarget "wechat-showcaseUITests" */ = {
			isa = XCConfigurationList;
			buildConfigurations = (
				47CD93721E6ABB8F0099C8BD /* Debug */,
				47CD93731E6ABB8F0099C8BD /* Release */,
			);
			defaultConfigurationIsVisible = 0;
			defaultConfigurationName = Release;
		};
/* End XCConfigurationList section */
	};
	rootObject = 47CD933B1E6ABB8F0099C8BD /* Project object */;
}
